
Microsoft Visual Studio Solution File, Format Version 12.00
# Visual Studio Version 17
VisualStudioVersion = 17.5.33516.290
MinimumVisualStudioVersion = 10.0.40219.1
Project("{FAE04EC0-301F-11D3-BF4B-00C04F79EFBC}") = "wf06_listview", "wf06_listview\wf06_listview.csproj", "{A0D8545E-86A9-4475-951C-B526B9FE3D95}"
EndProject
Project("{FAE04EC0-301F-11D3-BF4B-00C04F79EFBC}") = "wf07_myexplorer", "wf07_myexplorer\wf07_myexplorer.csproj", "{F5096DC8-8AFB-43FE-9804-915E121A9EC3}"
EndProject
Global
	GlobalSection(SolutionConfigurationPlatforms) = preSolution
		Debug|Any CPU = Debug|Any CPU
		Release|Any CPU = Release|Any CPU
	EndGlobalSection
	GlobalSection(ProjectConfigurationPlatforms) = postSolution
		{A0D8545E-86A9-4475-951C-B526B9FE3D95}.Debug|Any CPU.ActiveCfg = Debug|Any CPU
		{A0D8545E-86A9-4475-951C-B526B9FE3D95}.Debug|Any CPU.Build.0 = Debug|Any CPU
		{A0D8545E-86A9-4475-951C-B526B9FE3D95}.Release|Any CPU.ActiveCfg = Release|Any CPU
		{A0D8545E-86A9-4475-951C-B526B9FE3D95}.Release|Any CPU.Build.0 = Release|Any CPU
		{F5096DC8-8AFB-43FE-9804-915E121A9EC3}.Debug|Any CPU.ActiveCfg = Debug|Any CPU
		{F5096DC8-8AFB-43FE-9804-915E121A9EC3}.Debug|Any CPU.Build.0 = Debug|Any CPU
		{F5096DC8-8AFB-43FE-9804-915E121A9EC3}.Release|Any CPU.ActiveCfg = Release|Any CPU
		{F5096DC8-8AFB-43FE-9804-915E121A9EC3}.Release|Any CPU.Build.0 = Release|Any CPU
	EndGlobalSection
	GlobalSection(SolutionProperties) = preSolution
		HideSolutionNode = FALSE
	EndGlobalSection
	GlobalSection(ExtensibilityGlobals) = postSolution
		SolutionGuid = {582B2053-40AF-4715-A328-09EB95F7A364}
	EndGlobalSection
EndGlobal
