
Microsoft Visual Studio Solution File, Format Version 12.00
# Visual Studio Version 17
VisualStudioVersion = 17.5.33516.290
MinimumVisualStudioVersion = 10.0.40219.1
Project("{FAE04EC0-301F-11D3-BF4B-00C04F79EFBC}") = "wf07_myexplorer", "wf07_myexplorer\wf07_myexplorer.csproj", "{F5096DC8-8AFB-43FE-9804-915E121A9EC3}"
EndProject
Project("{FAE04EC0-301F-11D3-BF4B-00C04F79EFBC}") = "wf08-DBhandling", "wf08-DBhandling\wf08-DBhandling.csproj", "{7B78F813-4DC5-4961-9E31-F01D98305F1C}"
EndProject
Global
	GlobalSection(SolutionConfigurationPlatforms) = preSolution
		Debug|Any CPU = Debug|Any CPU
		Release|Any CPU = Release|Any CPU
	EndGlobalSection
	GlobalSection(ProjectConfigurationPlatforms) = postSolution
		{F5096DC8-8AFB-43FE-9804-915E121A9EC3}.Debug|Any CPU.ActiveCfg = Debug|Any CPU
		{F5096DC8-8AFB-43FE-9804-915E121A9EC3}.Debug|Any CPU.Build.0 = Debug|Any CPU
		{F5096DC8-8AFB-43FE-9804-915E121A9EC3}.Release|Any CPU.ActiveCfg = Release|Any CPU
		{F5096DC8-8AFB-43FE-9804-915E121A9EC3}.Release|Any CPU.Build.0 = Release|Any CPU
		{7B78F813-4DC5-4961-9E31-F01D98305F1C}.Debug|Any CPU.ActiveCfg = Debug|Any CPU
		{7B78F813-4DC5-4961-9E31-F01D98305F1C}.Debug|Any CPU.Build.0 = Debug|Any CPU
		{7B78F813-4DC5-4961-9E31-F01D98305F1C}.Release|Any CPU.ActiveCfg = Release|Any CPU
		{7B78F813-4DC5-4961-9E31-F01D98305F1C}.Release|Any CPU.Build.0 = Release|Any CPU
	EndGlobalSection
	GlobalSection(SolutionProperties) = preSolution
		HideSolutionNode = FALSE
	EndGlobalSection
	GlobalSection(ExtensibilityGlobals) = postSolution
		SolutionGuid = {69B15757-1374-4287-B9FA-A42D7CE59D32}
	EndGlobalSection
EndGlobal
