
Microsoft Visual Studio Solution File, Format Version 12.00
# Visual Studio Version 17
VisualStudioVersion = 17.5.33516.290
MinimumVisualStudioVersion = 10.0.40219.1
Project("{FAE04EC0-301F-11D3-BF4B-00C04F79EFBC}") = "wf09_dbhandling", "wf09_dbhandling\wf09_dbhandling.csproj", "{5C652B9C-9DA3-4132-AF95-65A047E976D7}"
EndProject
Project("{FAE04EC0-301F-11D3-BF4B-00C04F79EFBC}") = "wf10_MySQL", "wf10_MySQL\wf10_MySQL.csproj", "{78C97E39-C523-44D1-9469-AE5C7252C3FA}"
EndProject
Project("{FAE04EC0-301F-11D3-BF4B-00C04F79EFBC}") = "wf11_mditest", "wf11_mditest\wf11_mditest.csproj", "{3714B592-317F-4CE5-B86C-E26EEE2DE5E2}"
EndProject
Global
	GlobalSection(SolutionConfigurationPlatforms) = preSolution
		Debug|Any CPU = Debug|Any CPU
		Release|Any CPU = Release|Any CPU
	EndGlobalSection
	GlobalSection(ProjectConfigurationPlatforms) = postSolution
		{5C652B9C-9DA3-4132-AF95-65A047E976D7}.Debug|Any CPU.ActiveCfg = Debug|Any CPU
		{5C652B9C-9DA3-4132-AF95-65A047E976D7}.Debug|Any CPU.Build.0 = Debug|Any CPU
		{5C652B9C-9DA3-4132-AF95-65A047E976D7}.Release|Any CPU.ActiveCfg = Release|Any CPU
		{5C652B9C-9DA3-4132-AF95-65A047E976D7}.Release|Any CPU.Build.0 = Release|Any CPU
		{78C97E39-C523-44D1-9469-AE5C7252C3FA}.Debug|Any CPU.ActiveCfg = Debug|Any CPU
		{78C97E39-C523-44D1-9469-AE5C7252C3FA}.Debug|Any CPU.Build.0 = Debug|Any CPU
		{78C97E39-C523-44D1-9469-AE5C7252C3FA}.Release|Any CPU.ActiveCfg = Release|Any CPU
		{78C97E39-C523-44D1-9469-AE5C7252C3FA}.Release|Any CPU.Build.0 = Release|Any CPU
		{3714B592-317F-4CE5-B86C-E26EEE2DE5E2}.Debug|Any CPU.ActiveCfg = Debug|Any CPU
		{3714B592-317F-4CE5-B86C-E26EEE2DE5E2}.Debug|Any CPU.Build.0 = Debug|Any CPU
		{3714B592-317F-4CE5-B86C-E26EEE2DE5E2}.Release|Any CPU.ActiveCfg = Release|Any CPU
		{3714B592-317F-4CE5-B86C-E26EEE2DE5E2}.Release|Any CPU.Build.0 = Release|Any CPU
	EndGlobalSection
	GlobalSection(SolutionProperties) = preSolution
		HideSolutionNode = FALSE
	EndGlobalSection
	GlobalSection(ExtensibilityGlobals) = postSolution
		SolutionGuid = {AC0109FF-112E-4015-8855-78C3A17821DC}
	EndGlobalSection
EndGlobal
